
Microsoft Visual Studio Solution File, Format Version 12.00
# Visual Studio Version 17
VisualStudioVersion = 17.0.31919.166
MinimumVisualStudioVersion = 10.0.40219.1
Project("{9A19103F-16F7-4668-BE54-9A1E7A4F7556}") = "OnlineAuctionBackend.API", "OnlineAuctionBackend.API\OnlineAuctionBackend.API.csproj", "{2431C4CB-0920-490F-A8A5-723D1AE351C1}"
EndProject
Project("{9A19103F-16F7-4668-BE54-9A1E7A4F7556}") = "OnlineAuctionBackend.Domain", "OnlineAuctionBackend.Domain\OnlineAuctionBackend.Domain.csproj", "{64D64FFF-897E-433C-9FBC-270777B4166F}"
EndProject
Project("{9A19103F-16F7-4668-BE54-9A1E7A4F7556}") = "OnlineAuctionBackend.Infrastructure", "OnlineAuctionBackend.Infrastructure\OnlineAuctionBackend.Infrastructure.csproj", "{A97CB512-5E98-48F1-9B5C-64D1CD460FF7}"
EndProject
Project("{9A19103F-16F7-4668-BE54-9A1E7A4F7556}") = "OnlineAuctionBackend.Application", "OnlineAuctionBackend.Application\OnlineAuctionBackend.Application.csproj", "{ADC8F415-5B6A-4D38-9C5A-09853D9C1674}"
EndProject
Project("{FAE04EC0-301F-11D3-BF4B-00C04F79EFBC}") = "OnlineAuctionBackend.Identity", "OnlineAuctionBackend.Identity\OnlineAuctionBackend.Identity.csproj", "{C745E517-F7E9-460D-933D-4916AA92FC19}"
EndProject
Global
	GlobalSection(SolutionConfigurationPlatforms) = preSolution
		Debug|Any CPU = Debug|Any CPU
		Release|Any CPU = Release|Any CPU
	EndGlobalSection
	GlobalSection(ProjectConfigurationPlatforms) = postSolution
		{2431C4CB-0920-490F-A8A5-723D1AE351C1}.Debug|Any CPU.ActiveCfg = Debug|Any CPU
		{2431C4CB-0920-490F-A8A5-723D1AE351C1}.Debug|Any CPU.Build.0 = Debug|Any CPU
		{2431C4CB-0920-490F-A8A5-723D1AE351C1}.Release|Any CPU.ActiveCfg = Release|Any CPU
		{2431C4CB-0920-490F-A8A5-723D1AE351C1}.Release|Any CPU.Build.0 = Release|Any CPU
		{64D64FFF-897E-433C-9FBC-270777B4166F}.Debug|Any CPU.ActiveCfg = Debug|Any CPU
		{64D64FFF-897E-433C-9FBC-270777B4166F}.Debug|Any CPU.Build.0 = Debug|Any CPU
		{64D64FFF-897E-433C-9FBC-270777B4166F}.Release|Any CPU.ActiveCfg = Release|Any CPU
		{64D64FFF-897E-433C-9FBC-270777B4166F}.Release|Any CPU.Build.0 = Release|Any CPU
		{A97CB512-5E98-48F1-9B5C-64D1CD460FF7}.Debug|Any CPU.ActiveCfg = Debug|Any CPU
		{A97CB512-5E98-48F1-9B5C-64D1CD460FF7}.Debug|Any CPU.Build.0 = Debug|Any CPU
		{A97CB512-5E98-48F1-9B5C-64D1CD460FF7}.Release|Any CPU.ActiveCfg = Release|Any CPU
		{A97CB512-5E98-48F1-9B5C-64D1CD460FF7}.Release|Any CPU.Build.0 = Release|Any CPU
		{ADC8F415-5B6A-4D38-9C5A-09853D9C1674}.Debug|Any CPU.ActiveCfg = Debug|Any CPU
		{ADC8F415-5B6A-4D38-9C5A-09853D9C1674}.Debug|Any CPU.Build.0 = Debug|Any CPU
		{ADC8F415-5B6A-4D38-9C5A-09853D9C1674}.Release|Any CPU.ActiveCfg = Release|Any CPU
		{ADC8F415-5B6A-4D38-9C5A-09853D9C1674}.Release|Any CPU.Build.0 = Release|Any CPU
		{C745E517-F7E9-460D-933D-4916AA92FC19}.Debug|Any CPU.ActiveCfg = Debug|Any CPU
		{C745E517-F7E9-460D-933D-4916AA92FC19}.Debug|Any CPU.Build.0 = Debug|Any CPU
		{C745E517-F7E9-460D-933D-4916AA92FC19}.Release|Any CPU.ActiveCfg = Release|Any CPU
		{C745E517-F7E9-460D-933D-4916AA92FC19}.Release|Any CPU.Build.0 = Release|Any CPU
	EndGlobalSection
	GlobalSection(SolutionProperties) = preSolution
		HideSolutionNode = FALSE
	EndGlobalSection
	GlobalSection(ExtensibilityGlobals) = postSolution
		SolutionGuid = {7F034A7E-8D97-4ADA-98AB-1FDEE738C280}
	EndGlobalSection
EndGlobal
